{
  "name": "pareto-resource-typescript-parser",
  "version": "0.1.7",
  "lockfileVersion": 3,
  "requires": true,
  "packages": {
    "": {
      "name": "pareto-resource-typescript-parser",
      "version": "0.1.7",
      "license": "Apache-2.0",
      "dependencies": {
        "pareto-core": "^0.1.0",
        "pareto-untyped-syntax-tree-api": "^0.1.0",
        "typescript": "^6.0.0"
      },
      "engines": {
        "node": ">=14.0.0"
      }
    },
    "node_modules/pareto-core": {
      "version": "0.1.288",
      "resolved": "https://registry.npmjs.org/pareto-core/-/pareto-core-0.1.288.tgz",
      "integrity": "sha512-coR5631AUrBqElUQQw1LoLREUmQPNygfFzPEzJwBuqmTn9B8cfE7hjeiy3X5UF80N+NXkhN2fPRlddtHrl6YQw==",
      "license": "Apache-2.0"
    },
    "node_modules/pareto-core-shorthands": {
      "version": "0.2.61",
      "resolved": "https://registry.npmjs.org/pareto-core-shorthands/-/pareto-core-shorthands-0.2.61.tgz",
      "integrity": "sha512-dCPj+lF9rBzFYc94/Hd27cHzki7pYixB/UgoznIGkf3Eay8Ydv6yMTLEnMZ9aMfSaEjiwJFXkg21zijCI0R2ww==",
      "license": "Apache-2.0",
      "dependencies": {
        "pareto-core": "^0.1.0"
      }
    },
    "node_modules/pareto-fountain-pen": {
      "version": "0.4.115",
      "resolved": "https://registry.npmjs.org/pareto-fountain-pen/-/pareto-fountain-pen-0.4.115.tgz",
      "integrity": "sha512-MqSXpStYZAV4WwOy+G91Pj0iyXwoJ6RT9ih9OOvzEVgrBEYyO8I78WQ2KF5QKB/saZ0SRgC0sqfBJFHsebXkxw==",
      "license": "Apache-2.0",
      "dependencies": {
        "pareto-core": "^0.1.0",
        "pareto-core-shorthands": "^0.2.0"
      },
      "engines": {
        "node": ">=14.0.0"
      }
    },
    "node_modules/pareto-untyped-syntax-tree-api": {
      "version": "0.1.13",
      "resolved": "https://registry.npmjs.org/pareto-untyped-syntax-tree-api/-/pareto-untyped-syntax-tree-api-0.1.13.tgz",
      "integrity": "sha512-U7LDDWp0CCYQWYfbntI9gcR6uwbpbxVlUIGLz6Dswd8+dJ5qRRtDImgWKLYdqeN5SZirzgLwJuwKI8JSCRdQWA==",
      "license": "Apache-2.0",
      "dependencies": {
        "pareto-core": "^0.1.0",
        "pareto-fountain-pen": "^0.4.0"
      },
      "engines": {
        "node": ">=14.0.0"
      }
    },
    "node_modules/typescript": {
      "version": "6.0.3",
      "resolved": "https://registry.npmjs.org/typescript/-/typescript-6.0.3.tgz",
      "integrity": "sha512-y2TvuxSZPDyQakkFRPZHKFm+KKVqIisdg9/CZwm9ftvKXLP8NRWj38/ODjNbr43SsoXqNuAisEf1GdCxqWcdBw==",
      "license": "Apache-2.0",
      "bin": {
        "tsc": "bin/tsc",
        "tsserver": "bin/tsserver"
      },
      "engines": {
        "node": ">=14.17"
      }
    }
  }
}
